{
  "name": "git-author",
  "version": "1.0.2",
  "lockfileVersion": 2,
  "requires": true,
  "packages": {
    "": {
      "name": "git-author",
      "version": "1.0.2",
      "license": "MIT",
      "dependencies": {
        "git-user-email-2": "^1.0.0",
        "git-user-name": "^2.0.0"
      },
      "devDependencies": {
        "@types/git-user-name": "^2.0.1",
        "typescript": "^4.9.4"
      }
    },
    "node_modules/@types/git-user-name": {
      "version": "2.0.1",
      "resolved": "https://registry.npmjs.org/@types/git-user-name/-/git-user-name-2.0.1.tgz",
      "integrity": "sha512-YoXPnb47wcFoTg6oDWJ9GMZFP9Jj30+bN+hOaLUVGnfCnj6H0W+v0/7DZzbzPNfyMNzvHSjJC2Msw3oABncD0A==",
      "dev": true
    },
    "node_modules/extend-shallow": {
      "version": "2.0.1",
      "resolved": "https://registry.npmjs.org/extend-shallow/-/extend-shallow-2.0.1.tgz",
      "integrity": "sha512-zCnTtlxNoAiDc3gqY2aYAWFx7XWWiasuF2K8Me5WbN8otHKTUKBwjPtNpRs/rbUZm7KxWAaNj7P1a/p52GbVug==",
      "dependencies": {
        "is-extendable": "^0.1.0"
      },
      "engines": {
        "node": ">=0.10.0"
      }
    },
    "node_modules/fs-exists-sync": {
      "version": "0.1.0",
      "resolved": "https://registry.npmjs.org/fs-exists-sync/-/fs-exists-sync-0.1.0.tgz",
      "integrity": "sha512-cR/vflFyPZtrN6b38ZyWxpWdhlXrzZEBawlpBQMq7033xVY7/kg0GDMBK5jg8lDYQckdJ5x/YC88lM3C7VMsLg==",
      "engines": {
        "node": ">=0.10.0"
      }
    },
    "node_modules/git-config-path": {
      "version": "1.0.1",
      "resolved": "https://registry.npmjs.org/git-config-path/-/git-config-path-1.0.1.tgz",
      "integrity": "sha512-KcJ2dlrrP5DbBnYIZ2nlikALfRhKzNSX0stvv3ImJ+fvC4hXKoV+U+74SV0upg+jlQZbrtQzc0bu6/Zh+7aQbg==",
      "dependencies": {
        "extend-shallow": "^2.0.1",
        "fs-exists-sync": "^0.1.0",
        "homedir-polyfill": "^1.0.0"
      },
      "engines": {
        "node": ">=0.10.0"
      }
    },
    "node_modules/git-user-email-2": {
      "version": "1.0.0",
      "resolved": "https://registry.npmjs.org/git-user-email-2/-/git-user-email-2-1.0.0.tgz",
      "integrity": "sha512-JhpjIIiR+PCur8m8tfkaLn5LCwEekVjvBupuH3oqluTAmvB7/Et82tKKZFxQ+g2wZ3O2OBUNv/awKuYoFmqmEw==",
      "dependencies": {
        "extend-shallow": "^2.0.1",
        "git-config-path": "^1.0.1",
        "parse-git-config": "^1.0.2"
      },
      "engines": {
        "node": ">=0.8"
      }
    },
    "node_modules/git-user-name": {
      "version": "2.0.0",
      "resolved": "https://registry.npmjs.org/git-user-name/-/git-user-name-2.0.0.tgz",
      "integrity": "sha512-1DC8rUNm2I5V9v4eIpK6PSjKCp9bI0t6Wl05WSk+xEMS8GhR8GWzxM3aGZfPrfuqEfWxSbui5/pQJryJFXqCzQ==",
      "dependencies": {
        "extend-shallow": "^2.0.1",
        "git-config-path": "^1.0.1",
        "parse-git-config": "^1.1.1"
      },
      "engines": {
        "node": ">=0.8"
      }
    },
    "node_modules/homedir-polyfill": {
      "version": "1.0.3",
      "resolved": "https://registry.npmjs.org/homedir-polyfill/-/homedir-polyfill-1.0.3.tgz",
      "integrity": "sha512-eSmmWE5bZTK2Nou4g0AI3zZ9rswp7GRKoKXS1BLUkvPviOqs4YTN1djQIqrXy9k5gEtdLPy86JjRwsNM9tnDcA==",
      "dependencies": {
        "parse-passwd": "^1.0.0"
      },
      "engines": {
        "node": ">=0.10.0"
      }
    },
    "node_modules/ini": {
      "version": "1.3.8",
      "resolved": "https://registry.npmjs.org/ini/-/ini-1.3.8.tgz",
      "integrity": "sha512-JV/yugV2uzW5iMRSiZAyDtQd+nxtUnjeLt0acNdw98kKLrvuRVyB80tsREOE7yvGVgalhZ6RNXCmEHkUKBKxew=="
    },
    "node_modules/is-extendable": {
      "version": "0.1.1",
      "resolved": "https://registry.npmjs.org/is-extendable/-/is-extendable-0.1.1.tgz",
      "integrity": "sha512-5BMULNob1vgFX6EjQw5izWDxrecWK9AM72rugNr0TFldMOi0fj6Jk+zeKIt0xGj4cEfQIJth4w3OKWOJ4f+AFw==",
      "engines": {
        "node": ">=0.10.0"
      }
    },
    "node_modules/parse-git-config": {
      "version": "1.1.1",
      "resolved": "https://registry.npmjs.org/parse-git-config/-/parse-git-config-1.1.1.tgz",
      "integrity": "sha512-S3LGXJZVSy/hswvbSkfdbKBRVsnqKrVu6j8fcvdtJ4TxosSELyQDsJPuGPXuZ+EyuYuJd3O4uAF8gcISR0OFrQ==",
      "dependencies": {
        "extend-shallow": "^2.0.1",
        "fs-exists-sync": "^0.1.0",
        "git-config-path": "^1.0.1",
        "ini": "^1.3.4"
      },
      "engines": {
        "node": ">=0.10.0"
      }
    },
    "node_modules/parse-passwd": {
      "version": "1.0.0",
      "resolved": "https://registry.npmjs.org/parse-passwd/-/parse-passwd-1.0.0.tgz",
      "integrity": "sha512-1Y1A//QUXEZK7YKz+rD9WydcE1+EuPr6ZBgKecAB8tmoW6UFv0NREVJe1p+jRxtThkcbbKkfwIbWJe/IeE6m2Q==",
      "engines": {
        "node": ">=0.10.0"
      }
    },
    "node_modules/typescript": {
      "version": "4.9.4",
      "resolved": "https://registry.npmjs.org/typescript/-/typescript-4.9.4.tgz",
      "integrity": "sha512-Uz+dTXYzxXXbsFpM86Wh3dKCxrQqUcVMxwU54orwlJjOpO3ao8L7j5lH+dWfTwgCwIuM9GQ2kvVotzYJMXTBZg==",
      "dev": true,
      "bin": {
        "tsc": "bin/tsc",
        "tsserver": "bin/tsserver"
      },
      "engines": {
        "node": ">=4.2.0"
      }
    }
  },
  "dependencies": {
    "@types/git-user-name": {
      "version": "2.0.1",
      "resolved": "https://registry.npmjs.org/@types/git-user-name/-/git-user-name-2.0.1.tgz",
      "integrity": "sha512-YoXPnb47wcFoTg6oDWJ9GMZFP9Jj30+bN+hOaLUVGnfCnj6H0W+v0/7DZzbzPNfyMNzvHSjJC2Msw3oABncD0A==",
      "dev": true
    },
    "extend-shallow": {
      "version": "2.0.1",
      "resolved": "https://registry.npmjs.org/extend-shallow/-/extend-shallow-2.0.1.tgz",
      "integrity": "sha512-zCnTtlxNoAiDc3gqY2aYAWFx7XWWiasuF2K8Me5WbN8otHKTUKBwjPtNpRs/rbUZm7KxWAaNj7P1a/p52GbVug==",
      "requires": {
        "is-extendable": "^0.1.0"
      }
    },
    "fs-exists-sync": {
      "version": "0.1.0",
      "resolved": "https://registry.npmjs.org/fs-exists-sync/-/fs-exists-sync-0.1.0.tgz",
      "integrity": "sha512-cR/vflFyPZtrN6b38ZyWxpWdhlXrzZEBawlpBQMq7033xVY7/kg0GDMBK5jg8lDYQckdJ5x/YC88lM3C7VMsLg=="
    },
    "git-config-path": {
      "version": "1.0.1",
      "resolved": "https://registry.npmjs.org/git-config-path/-/git-config-path-1.0.1.tgz",
      "integrity": "sha512-KcJ2dlrrP5DbBnYIZ2nlikALfRhKzNSX0stvv3ImJ+fvC4hXKoV+U+74SV0upg+jlQZbrtQzc0bu6/Zh+7aQbg==",
      "requires": {
        "extend-shallow": "^2.0.1",
        "fs-exists-sync": "^0.1.0",
        "homedir-polyfill": "^1.0.0"
      }
    },
    "git-user-email-2": {
      "version": "1.0.0",
      "resolved": "https://registry.npmjs.org/git-user-email-2/-/git-user-email-2-1.0.0.tgz",
      "integrity": "sha512-JhpjIIiR+PCur8m8tfkaLn5LCwEekVjvBupuH3oqluTAmvB7/Et82tKKZFxQ+g2wZ3O2OBUNv/awKuYoFmqmEw==",
      "requires": {
        "extend-shallow": "^2.0.1",
        "git-config-path": "^1.0.1",
        "parse-git-config": "^1.0.2"
      }
    },
    "git-user-name": {
      "version": "2.0.0",
      "resolved": "https://registry.npmjs.org/git-user-name/-/git-user-name-2.0.0.tgz",
      "integrity": "sha512-1DC8rUNm2I5V9v4eIpK6PSjKCp9bI0t6Wl05WSk+xEMS8GhR8GWzxM3aGZfPrfuqEfWxSbui5/pQJryJFXqCzQ==",
      "requires": {
        "extend-shallow": "^2.0.1",
        "git-config-path": "^1.0.1",
        "parse-git-config": "^1.1.1"
      }
    },
    "homedir-polyfill": {
      "version": "1.0.3",
      "resolved": "https://registry.npmjs.org/homedir-polyfill/-/homedir-polyfill-1.0.3.tgz",
      "integrity": "sha512-eSmmWE5bZTK2Nou4g0AI3zZ9rswp7GRKoKXS1BLUkvPviOqs4YTN1djQIqrXy9k5gEtdLPy86JjRwsNM9tnDcA==",
      "requires": {
        "parse-passwd": "^1.0.0"
      }
    },
    "ini": {
      "version": "1.3.8",
      "resolved": "https://registry.npmjs.org/ini/-/ini-1.3.8.tgz",
      "integrity": "sha512-JV/yugV2uzW5iMRSiZAyDtQd+nxtUnjeLt0acNdw98kKLrvuRVyB80tsREOE7yvGVgalhZ6RNXCmEHkUKBKxew=="
    },
    "is-extendable": {
      "version": "0.1.1",
      "resolved": "https://registry.npmjs.org/is-extendable/-/is-extendable-0.1.1.tgz",
      "integrity": "sha512-5BMULNob1vgFX6EjQw5izWDxrecWK9AM72rugNr0TFldMOi0fj6Jk+zeKIt0xGj4cEfQIJth4w3OKWOJ4f+AFw=="
    },
    "parse-git-config": {
      "version": "1.1.1",
      "resolved": "https://registry.npmjs.org/parse-git-config/-/parse-git-config-1.1.1.tgz",
      "integrity": "sha512-S3LGXJZVSy/hswvbSkfdbKBRVsnqKrVu6j8fcvdtJ4TxosSELyQDsJPuGPXuZ+EyuYuJd3O4uAF8gcISR0OFrQ==",
      "requires": {
        "extend-shallow": "^2.0.1",
        "fs-exists-sync": "^0.1.0",
        "git-config-path": "^1.0.1",
        "ini": "^1.3.4"
      }
    },
    "parse-passwd": {
      "version": "1.0.0",
      "resolved": "https://registry.npmjs.org/parse-passwd/-/parse-passwd-1.0.0.tgz",
      "integrity": "sha512-1Y1A//QUXEZK7YKz+rD9WydcE1+EuPr6ZBgKecAB8tmoW6UFv0NREVJe1p+jRxtThkcbbKkfwIbWJe/IeE6m2Q=="
    },
    "typescript": {
      "version": "4.9.4",
      "resolved": "https://registry.npmjs.org/typescript/-/typescript-4.9.4.tgz",
      "integrity": "sha512-Uz+dTXYzxXXbsFpM86Wh3dKCxrQqUcVMxwU54orwlJjOpO3ao8L7j5lH+dWfTwgCwIuM9GQ2kvVotzYJMXTBZg==",
      "dev": true
    }
  }
}
